{
 "lock_version": 1,
 "generated_at": "2026-09-15T01:28:35+00:00",
 "git": {
  "head": "fc7ed243e20e3b4fc9f104efa64df7913a91afe5",
  "branch": "step-7r-pdr-router-ml-gate-2026-07-03"
 },
 "generator": {
  "path": "scripts/build_codemap.py",
  "sha256": "7abc5db36baa634252f48a6f8ffb034968679ae0179e4093307c0014a9a57913",
  "template_sha256": "29d87f2eb7e4915ad96a2dd0f8db103b70bb4fec90e26cb48dfa059058229df8"
 },
 "outputs": {
  "codemap.json": "a6d7d684a8b5cafe9509f4d6356addd14084607834ab7a34bf0c1dfb28ac27ea",
  "codemap.html": "2feeac573859a72f403748540c354d8a9f9729b92897872cb220696d32b0deba"
 },
 "inputs": {
  "file_count": 593,
  "total_loc": 218104,
  "tree_sha256": "54ab7fb7908f07ceed55bdc1cbe8007fbb5b4ea9a33fd8c2c2844a813c6b2705"
 },
 "counts": {
  "nodes": 20,
  "edges": 195,
  "flows": 5,
  "test_functions": 1801
 },
 "nodes": {
  "autollm": {
   "files": 23,
   "loc": 9560,
   "fingerprint": "d38bf3c15f9f0bf9a72c42ee4ccc5c9fad7e2dffad308364bea9ad55aa8221d1"
  },
  "cli": {
   "files": 6,
   "loc": 10757,
   "fingerprint": "db3834a43054405f05a9810f37a8dacfce82ded894fc98b80c790ddc944912ae"
  },
  "dashboard": {
   "files": 47,
   "loc": 15844,
   "fingerprint": "6ddb9a7d248babf00e2bc06869f23a2d86d8231017b354249d27f178c046d519"
  },
  "data": {
   "files": 18,
   "loc": 6376,
   "fingerprint": "c58ad988ac5269125be7819f3dc5c0ad0a907e19133481ed93fb8772e49198a3"
  },
  "dsl": {
   "files": 10,
   "loc": 1941,
   "fingerprint": "87c8e1e0231cf2adca01541f827634094ebb0419c97033ca9cb0d87563a79109"
  },
  "engines": {
   "files": 13,
   "loc": 1761,
   "fingerprint": "41a913a18a014c8e9ff4533bbe67e59f32a4645bda3bdf27d664a6030aa43f44"
  },
  "execution": {
   "files": 18,
   "loc": 7059,
   "fingerprint": "715d03118214a4a8b81e4cf33a3dfa92bcc9b498a8f6bc1c338744997bb5e4b1"
  },
  "features": {
   "files": 31,
   "loc": 11154,
   "fingerprint": "67e776d7a84be1704b31f4f2eef667da7f40a63285af363727fdb221f8a409b7"
  },
  "governance": {
   "files": 32,
   "loc": 18131,
   "fingerprint": "48968f6f9e19dd4a4f6ebb54ae25bc756f655f76522f0fe53bfddb677c8be937"
  },
  "kernel": {
   "files": 39,
   "loc": 10573,
   "fingerprint": "e834a5214d71afe45dc49b6299eac71960dccc6afa19dc5b2322e15d291934ec"
  },
  "ml": {
   "files": 12,
   "loc": 4107,
   "fingerprint": "22ce7a83501ce366cf01aad17164933225933aa9854e1a39a9b449b4055fb8b9"
  },
  "paper": {
   "files": 17,
   "loc": 10378,
   "fingerprint": "10114bcbd80cada7a91067aba8b21032b685a27d70507bed2926ab39eb708dd3"
  },
  "rounds": {
   "files": 1,
   "loc": 1380,
   "fingerprint": "813495839f2a93c83657213ad8f4a64a5ea8f7c1d7bb5584c53b9060fea8f118"
  },
  "routers": {
   "files": 43,
   "loc": 23686,
   "fingerprint": "fcab2eb5d8a057a6e4063a08d6a2d9940a6a9e871f28f1c7c154c35fefa0131e"
  },
  "scripts": {
   "files": 64,
   "loc": 22779,
   "fingerprint": "488f173c4bcc22dc25595ff7d82895b26c4618098a5fd9c6a968eb2349db441e"
  },
  "shared": {
   "files": 6,
   "loc": 400,
   "fingerprint": "78dda0c9f4c0bfd6d526624ca00636c644032b54fd87be843b1b2e7eb4134fca"
  },
  "spec": {
   "files": 21,
   "loc": 4039,
   "fingerprint": "3c12e2492f6e3caf77122de51c610e02dfb1b3d3a9635efe462a158b8f84e315"
  },
  "tests": {
   "files": 192,
   "loc": 58179,
   "fingerprint": "056133e8d2b1dc08d11f5c68a4594cf9a9270fa34b2a1795b75fd54efa98c8c4"
  }
 }
}
